# THIS IS AN AUTOGENERATED FILE. DO NOT EDIT THIS FILE DIRECTLY.
# yarn lockfile v1


"@types/gl-matrix@^3.2.0":
  version "3.2.0"
  resolved "https://registry.yarnpkg.com/@types/gl-matrix/-/gl-matrix-3.2.0.tgz#a62e0f26be4ab6fa55284a29eec631c8641438a1"
  integrity sha512-CY4JAtSOGQX7rVgqVuOk7ZfaLv8VeadDMPj3smMOy8Hp/YiHONa3Mr0mEUgbo0eEwV7+Owpf6BwspcA7hv4NXg==
  dependencies:
    gl-matrix "*"

esbuild-android-arm64@0.13.14:
  version "0.13.14"
  resolved "https://registry.yarnpkg.com/esbuild-android-arm64/-/esbuild-android-arm64-0.13.14.tgz#c85083ece26be3d67e6c720e088968a98409e023"
  integrity sha512-Q+Xhfp827r+ma8/DJgpMRUbDZfefsk13oePFEXEIJ4gxFbNv5+vyiYXYuKm43/+++EJXpnaYmEnu4hAKbAWYbA==

esbuild-darwin-64@0.13.14:
  version "0.13.14"
  resolved "https://registry.yarnpkg.com/esbuild-darwin-64/-/esbuild-darwin-64-0.13.14.tgz#8e4e237ad847cc54a1d3a5caee26a746b9f0b81f"
  integrity sha512-YmOhRns6QBNSjpVdTahi/yZ8dscx9ai7a6OY6z5ACgOuQuaQ2Qk2qgJ0/siZ6LgD0gJFMV8UINFV5oky5TFNQQ==

esbuild-darwin-arm64@0.13.14:
  version "0.13.14"
  resolved "https://registry.yarnpkg.com/esbuild-darwin-arm64/-/esbuild-darwin-arm64-0.13.14.tgz#b3b5ebd40b2cb06ee0f6fb342dd4bdcca54ad273"
  integrity sha512-Lp00VTli2jqZghSa68fx3fEFCPsO1hK59RMo1PRap5RUjhf55OmaZTZYnCDI0FVlCtt+gBwX5qwFt4lc6tI1xg==

esbuild-dev-server-darwin-arm64@0.3.0:
  version "0.3.0"
  resolved "https://registry.yarnpkg.com/esbuild-dev-server-darwin-arm64/-/esbuild-dev-server-darwin-arm64-0.3.0.tgz#a6167301e0d11b09979e2c7a1d3faefc8af53b12"
  integrity sha512-HvKg1JfBhooY/pR60LaXkV2b1Pf2sWjjVn8lLCzxOMPh/DT28y3m/CmktT8Xdi7AUsvdh+7IGTzQwR/jZ1bYNw==

esbuild-dev-server-darwin-x64@0.3.0:
  version "0.3.0"
  resolved "https://registry.yarnpkg.com/esbuild-dev-server-darwin-x64/-/esbuild-dev-server-darwin-x64-0.3.0.tgz#5d8acfe2b86b6babd3269e57f9a9b7a2e78f5579"
  integrity sha512-QKph7OPuZZyyEK7Ehvvdqik2jm8iipBGTOjNsA3RgA6r6tQbqChA0ICkKQlLG6U2IUMj/eqc6ZGk/fdDJgckPw==

esbuild-dev-server-linux-arm64@0.3.0:
  version "0.3.0"
  resolved "https://registry.yarnpkg.com/esbuild-dev-server-linux-arm64/-/esbuild-dev-server-linux-arm64-0.3.0.tgz#92cb33294e2de749682e61ee5ed1e922b5da812e"
  integrity sha512-4sZG6oDyLaS/Jo2Kdsh/Z7OPsmvxXgFu1umaJOyCkJ27WAY+l7LBbPiDRIV1ANIEce/puQ9nU3qTCWRYoSQiWA==

esbuild-dev-server-linux-arm@0.3.0:
  version "0.3.0"
  resolved "https://registry.yarnpkg.com/esbuild-dev-server-linux-arm/-/esbuild-dev-server-linux-arm-0.3.0.tgz#ad27c863d569ff8f3015e69ca426b85f554482d0"
  integrity sha512-OdtPE5SkukZ1DYvA2l/ZjPY79Qj4Wjk93EO5aYWQRcZoeQgt//Nrll3hV144ObP32s4it/dGVkE3yiyaxeJ8gg==

esbuild-dev-server-linux-x32@0.3.0:
  version "0.3.0"
  resolved "https://registry.yarnpkg.com/esbuild-dev-server-linux-x32/-/esbuild-dev-server-linux-x32-0.3.0.tgz#c2fcea2b28d8fbc7570a5a1f8876994dd8442492"
  integrity sha512-zvIKHcEpNs8G2F1HPkB13e9B0aE1ccY5KU4jCbBTKrZCvp1k4cgjuQI6E9wQUdmS5KFq5dvOteidqF9agddZFg==

esbuild-dev-server-linux-x64@0.3.0:
  version "0.3.0"
  resolved "https://registry.yarnpkg.com/esbuild-dev-server-linux-x64/-/esbuild-dev-server-linux-x64-0.3.0.tgz#9c00f9a3f78a5cb170aeb3607ebc0d1ac7201008"
  integrity sha512-aweybli47+13S8Y1KdAHkkHCbEr4EDKzGCuAHlU1BAeeCaarBjPnldvKPUuHRKzUTYTnAXXnbni9OFJCh0C9OA==

esbuild-dev-server-win32-arm64@0.3.0:
  version "0.3.0"
  resolved "https://registry.yarnpkg.com/esbuild-dev-server-win32-arm64/-/esbuild-dev-server-win32-arm64-0.3.0.tgz#0f0cccda2469537af39cd96dcec7448a36382523"
  integrity sha512-BVcg9b1lXIJg7uftFJWfX2r93RYZndK6AqsMurjoc+l7QU4B0Cc+X9Z2xxMYyDlWH95YF+CckE8Hu5mXlbV7Rw==

esbuild-dev-server-win32-x32@0.3.0:
  version "0.3.0"
  resolved "https://registry.yarnpkg.com/esbuild-dev-server-win32-x32/-/esbuild-dev-server-win32-x32-0.3.0.tgz#17e9bb4c58716edde0bbb79e779ad1aad82732be"
  integrity sha512-RTyBIGayeH1M6HpXMrwXfTllayflp9jingV5SGg1ca6fSlt6Q3HGTBwcfIFgPdS5MsUWaqDF3X3D1NO2lVRJfA==

esbuild-dev-server-win32-x64@0.3.0:
  version "0.3.0"
  resolved "https://registry.yarnpkg.com/esbuild-dev-server-win32-x64/-/esbuild-dev-server-win32-x64-0.3.0.tgz#a7a530c65db0f361cc5ba3aa54b7037084af5605"
  integrity sha512-t3SU0rdXbkfBtmrNxeq1IShTyaCDzZg5HIUnVphJT2DUjVsF4ndJk9vJ6JvN/bPCt+XH6SvuAWvdMoUemLu7Bw==

esbuild-dev-server@^0.3.0:
  version "0.3.0"
  resolved "https://registry.yarnpkg.com/esbuild-dev-server/-/esbuild-dev-server-0.3.0.tgz#8433d7ae7a10beb60600d94e514ab2c81274048c"
  integrity sha512-2oYnryt+Yoqx6iADcuJ5/tC3/xptZf+x5sCus86VkUrjq0gny9nx7oL/eUkopxNIjygIm2SYGysQOdyAx3I7qQ==
  optionalDependencies:
    esbuild-dev-server-darwin-arm64 "0.3.0"
    esbuild-dev-server-darwin-x64 "0.3.0"
    esbuild-dev-server-linux-arm "0.3.0"
    esbuild-dev-server-linux-arm64 "0.3.0"
    esbuild-dev-server-linux-x32 "0.3.0"
    esbuild-dev-server-linux-x64 "0.3.0"
    esbuild-dev-server-win32-arm64 "0.3.0"
    esbuild-dev-server-win32-x32 "0.3.0"
    esbuild-dev-server-win32-x64 "0.3.0"

esbuild-freebsd-64@0.13.14:
  version "0.13.14"
  resolved "https://registry.yarnpkg.com/esbuild-freebsd-64/-/esbuild-freebsd-64-0.13.14.tgz#175ecb2fa8141428cf70ea2d5f4c27534bad53e0"
  integrity sha512-BKosI3jtvTfnmsCW37B1TyxMUjkRWKqopR0CE9AF2ratdpkxdR24Vpe3gLKNyWiZ7BE96/SO5/YfhbPUzY8wKw==

esbuild-freebsd-arm64@0.13.14:
  version "0.13.14"
  resolved "https://registry.yarnpkg.com/esbuild-freebsd-arm64/-/esbuild-freebsd-arm64-0.13.14.tgz#a7d64e41d1fa581f8db7775e5200f18e67d70c4d"
  integrity sha512-yd2uh0yf+fWv5114+SYTl4/1oDWtr4nN5Op+PGxAkMqHfYfLjFKpcxwCo/QOS/0NWqPVE8O41IYZlFhbEN2B8Q==

esbuild-linux-32@0.13.14:
  version "0.13.14"
  resolved "https://registry.yarnpkg.com/esbuild-linux-32/-/esbuild-linux-32-0.13.14.tgz#14bdd4f6b6cfd35c65c835894651ba335c2117da"
  integrity sha512-a8rOnS1oWSfkkYWXoD2yXNV4BdbDKA7PNVQ1klqkY9SoSApL7io66w5H44mTLsfyw7G6Z2vLlaLI2nz9MMAowA==

esbuild-linux-64@0.13.14:
  version "0.13.14"
  resolved "https://registry.yarnpkg.com/esbuild-linux-64/-/esbuild-linux-64-0.13.14.tgz#7fd56851b2982fdd0cd8447ee9858c2c5711708a"
  integrity sha512-yPZSoMs9W2MC3Dw+6kflKt5FfQm6Dicex9dGIr1OlHRsn3Hm7yGMUTctlkW53KknnZdOdcdd5upxvbxqymczVQ==

esbuild-linux-arm64@0.13.14:
  version "0.13.14"
  resolved "https://registry.yarnpkg.com/esbuild-linux-arm64/-/esbuild-linux-arm64-0.13.14.tgz#a55634d70679ba509adeafd68eebb9fd1ec5af6c"
  integrity sha512-Lvo391ln9PzC334e+jJ2S0Rt0cxP47eoH5gFyv/E8HhOnEJTvm7A+RRnMjjHnejELacTTfYgFGQYPjLsi/jObQ==

esbuild-linux-arm@0.13.14:
  version "0.13.14"
  resolved "https://registry.yarnpkg.com/esbuild-linux-arm/-/esbuild-linux-arm-0.13.14.tgz#bb96a99677e608b31ff61f37564326d38e846ca2"
  integrity sha512-8chZE4pkKRvJ/M/iwsNQ1KqsRg2RyU5eT/x2flNt/f8F2TVrDreR7I0HEeCR50wLla3B1C3wTIOzQBmjuc6uWg==

esbuild-linux-mips64le@0.13.14:
  version "0.13.14"
  resolved "https://registry.yarnpkg.com/esbuild-linux-mips64le/-/esbuild-linux-mips64le-0.13.14.tgz#6a55362a8fd1e593dea2ecc41877beed8b8184b9"
  integrity sha512-MZhgxbmrWbpY3TOE029O6l5tokG9+Yoj2hW7vdit/d/VnmneqeGrSHADuDL6qXM8L5jaCiaivb4VhsyVCpdAbQ==

esbuild-linux-ppc64le@0.13.14:
  version "0.13.14"
  resolved "https://registry.yarnpkg.com/esbuild-linux-ppc64le/-/esbuild-linux-ppc64le-0.13.14.tgz#9e0048587ece0a7f184ab147f20d077098045e7f"
  integrity sha512-un7KMwS7fX1Un6BjfSZxTT8L5cV/8Uf4SAhM7WYy2XF8o8TI+uRxxD03svZnRNIPsN2J5cl6qV4n7Iwz+yhhVw==

esbuild-netbsd-64@0.13.14:
  version "0.13.14"
  resolved "https://registry.yarnpkg.com/esbuild-netbsd-64/-/esbuild-netbsd-64-0.13.14.tgz#dcab16a4bbcfa16e2e8535dadc5f64fdc891c63b"
  integrity sha512-5ekKx/YbOmmlTeNxBjh38Uh5TGn5C4uyqN17i67k18pS3J+U2hTVD7rCxcFcRS1AjNWumkVL3jWqYXadFwMS0Q==

esbuild-openbsd-64@0.13.14:
  version "0.13.14"
  resolved "https://registry.yarnpkg.com/esbuild-openbsd-64/-/esbuild-openbsd-64-0.13.14.tgz#3c7453b155ebb68dc34d5aec3bd6505337bdda08"
  integrity sha512-9bzvwewHjct2Cv5XcVoE1yW5YTW12Sk838EYfA46abgnhxGoFSD1mFcaztp5HHC43AsF+hQxbSFG/RilONARUA==

esbuild-plugin-glsl@^1.0.5:
  version "1.0.5"
  resolved "https://registry.yarnpkg.com/esbuild-plugin-glsl/-/esbuild-plugin-glsl-1.0.5.tgz#63edebf76333b786f13f610af5ef85ce60ceebdd"
  integrity sha512-DSbYFO6nLTD77+wvSUB5anZ1e8l+UmPeCvES/nmnbCi+NcIB2KWeMTT21Sohy89FZA+7R/P4s8+cuMwEbgza3g==

esbuild-sunos-64@0.13.14:
  version "0.13.14"
  resolved "https://registry.yarnpkg.com/esbuild-sunos-64/-/esbuild-sunos-64-0.13.14.tgz#85addf5fef6b5db154a955d4f2e88953359d75ce"
  integrity sha512-mjMrZB76M6FmoiTvj/RGWilrioR7gVwtFBRVugr9qLarXMIU1W/pQx+ieEOtflrW61xo8w1fcxyHsVVGRvoQ0w==

esbuild-windows-32@0.13.14:
  version "0.13.14"
  resolved "https://registry.yarnpkg.com/esbuild-windows-32/-/esbuild-windows-32-0.13.14.tgz#f77f98f30a5c636c44db2428ecdf9bcbbaedb1a7"
  integrity sha512-GZa6mrx2rgfbH/5uHg0Rdw50TuOKbdoKCpEBitzmG5tsXBdce+cOL+iFO5joZc6fDVCLW3Y6tjxmSXRk/v20Hg==

esbuild-windows-64@0.13.14:
  version "0.13.14"
  resolved "https://registry.yarnpkg.com/esbuild-windows-64/-/esbuild-windows-64-0.13.14.tgz#bc778674c40d65150d12385e0f23eb3a0badbd0d"
  integrity sha512-Lsgqah24bT7ClHjLp/Pj3A9wxjhIAJyWQcrOV4jqXAFikmrp2CspA8IkJgw7HFjx6QrJuhpcKVbCAe/xw0i2yw==

esbuild-windows-arm64@0.13.14:
  version "0.13.14"
  resolved "https://registry.yarnpkg.com/esbuild-windows-arm64/-/esbuild-windows-arm64-0.13.14.tgz#91a8dad35ab2c4dd27cd83860742955b25a354d7"
  integrity sha512-KP8FHVlWGhM7nzYtURsGnskXb/cBCPTfj0gOKfjKq2tHtYnhDZywsUG57nk7TKhhK0fL11LcejHG3LRW9RF/9A==

esbuild@^0.13.14:
  version "0.13.14"
  resolved "https://registry.yarnpkg.com/esbuild/-/esbuild-0.13.14.tgz#98a3f7f42809abdc2b57c84565d0f713382dc1a5"
  integrity sha512-xu4D+1ji9x53ocuomcY+KOrwAnWzhBu/wTEjpdgZ8I1c8i5vboYIeigMdzgY1UowYBKa2vZgVgUB32bu7gkxeg==
  optionalDependencies:
    esbuild-android-arm64 "0.13.14"
    esbuild-darwin-64 "0.13.14"
    esbuild-darwin-arm64 "0.13.14"
    esbuild-freebsd-64 "0.13.14"
    esbuild-freebsd-arm64 "0.13.14"
    esbuild-linux-32 "0.13.14"
    esbuild-linux-64 "0.13.14"
    esbuild-linux-arm "0.13.14"
    esbuild-linux-arm64 "0.13.14"
    esbuild-linux-mips64le "0.13.14"
    esbuild-linux-ppc64le "0.13.14"
    esbuild-netbsd-64 "0.13.14"
    esbuild-openbsd-64 "0.13.14"
    esbuild-sunos-64 "0.13.14"
    esbuild-windows-32 "0.13.14"
    esbuild-windows-64 "0.13.14"
    esbuild-windows-arm64 "0.13.14"

gl-matrix@*, gl-matrix@^3.4.3:
  version "3.4.3"
  resolved "https://registry.yarnpkg.com/gl-matrix/-/gl-matrix-3.4.3.tgz#fc1191e8320009fd4d20e9339595c6041ddc22c9"
  integrity sha512-wcCp8vu8FT22BnvKVPjXa/ICBWRq/zjFfdofZy1WSpQZpphblv12/bOQLBC1rMM7SGOFS9ltVmKOHil5+Ml7gA==
